{
  "name": "progress_cli",
  "version": "1.0.0",
  "lockfileVersion": 3,
  "requires": true,
  "packages": {
    "": {
      "name": "progress_cli",
      "version": "1.0.0",
      "license": "ISC",
      "dependencies": {
        "ansi-escapes": "^7.0.0"
      },
      "devDependencies": {
        "@types/ansi-escapes": "^4.0.4",
        "@types/node": "^22.10.1"
      }
    },
    "node_modules/@types/ansi-escapes": {
      "version": "4.0.4",
      "resolved": "https://mirrors.cloud.tencent.com/npm/@types/ansi-escapes/-/ansi-escapes-4.0.4.tgz",
      "integrity": "sha512-30S08gzDydBoTna3+xuedh0+hWGPpvjBOXy3XWJNv0CNz3x7hEpiUC5K49wtMILyZF4uRIsWSwZBaBPLcwi9mg==",
      "deprecated": "This is a stub types definition. ansi-escapes provides its own type definitions, so you do not need this installed.",
      "dev": true,
      "dependencies": {
        "ansi-escapes": "*"
      }
    },
    "node_modules/@types/node": {
      "version": "22.10.1",
      "resolved": "https://mirrors.cloud.tencent.com/npm/@types/node/-/node-22.10.1.tgz",
      "integrity": "sha512-qKgsUwfHZV2WCWLAnVP1JqnpE6Im6h3Y0+fYgMTasNQ7V++CBX5OT1as0g0f+OyubbFqhf6XVNIsmN4IIhEgGQ==",
      "dev": true,
      "dependencies": {
        "undici-types": "~6.20.0"
      }
    },
    "node_modules/ansi-escapes": {
      "version": "7.0.0",
      "resolved": "https://mirrors.cloud.tencent.com/npm/ansi-escapes/-/ansi-escapes-7.0.0.tgz",
      "integrity": "sha512-GdYO7a61mR0fOlAsvC9/rIHf7L96sBc6dEWzeOu+KAea5bZyQRPIpojrVoI4AXGJS/ycu/fBTdLrUkA4ODrvjw==",
      "license": "MIT",
      "dependencies": {
        "environment": "^1.0.0"
      },
      "engines": {
        "node": ">=18"
      },
      "funding": {
        "url": "https://github.com/sponsors/sindresorhus"
      }
    },
    "node_modules/environment": {
      "version": "1.1.0",
      "resolved": "https://mirrors.cloud.tencent.com/npm/environment/-/environment-1.1.0.tgz",
      "integrity": "sha512-xUtoPkMggbz0MPyPiIWr1Kp4aeWJjDZ6SMvURhimjdZgsRuDplF5/s9hcgGhyXMhs+6vpnuoiZ2kFiu3FMnS8Q==",
      "engines": {
        "node": ">=18"
      },
      "funding": {
        "url": "https://github.com/sponsors/sindresorhus"
      }
    },
    "node_modules/undici-types": {
      "version": "6.20.0",
      "resolved": "https://mirrors.cloud.tencent.com/npm/undici-types/-/undici-types-6.20.0.tgz",
      "integrity": "sha512-Ny6QZ2Nju20vw1SRHe3d9jVu6gJ+4e3+MMpqu7pqE5HT6WsTSlce++GQmK5UXS8mzV8DSYHrQH+Xrf2jVcuKNg==",
      "dev": true
    }
  }
}
