{
  "name": "progress_cli",
  "version": "1.0.0",
  "lockfileVersion": 1,
  "requires": true,
  "dependencies": {
    "@types/ansi-escapes": {
      "version": "4.0.4",
      "resolved": "https://mirrors.cloud.tencent.com/npm/@types/ansi-escapes/-/ansi-escapes-4.0.4.tgz",
      "integrity": "sha512-30S08gzDydBoTna3+xuedh0+hWGPpvjBOXy3XWJNv0CNz3x7hEpiUC5K49wtMILyZF4uRIsWSwZBaBPLcwi9mg==",
      "dev": true,
      "requires": {
        "ansi-escapes": "*"
      }
    },
    "@types/node": {
      "version": "22.10.1",
      "resolved": "https://mirrors.cloud.tencent.com/npm/@types/node/-/node-22.10.1.tgz",
      "integrity": "sha512-qKgsUwfHZV2WCWLAnVP1JqnpE6Im6h3Y0+fYgMTasNQ7V++CBX5OT1as0g0f+OyubbFqhf6XVNIsmN4IIhEgGQ==",
      "dev": true,
      "requires": {
        "undici-types": "~6.20.0"
      }
    },
    "ansi-escapes": {
      "version": "7.0.0",
      "resolved": "https://mirrors.cloud.tencent.com/npm/ansi-escapes/-/ansi-escapes-7.0.0.tgz",
      "integrity": "sha512-GdYO7a61mR0fOlAsvC9/rIHf7L96sBc6dEWzeOu+KAea5bZyQRPIpojrVoI4AXGJS/ycu/fBTdLrUkA4ODrvjw==",
      "requires": {
        "environment": "^1.0.0"
      }
    },
    "chalk": {
      "version": "5.4.0",
      "resolved": "https://mirrors.cloud.tencent.com/npm/chalk/-/chalk-5.4.0.tgz",
      "integrity": "sha512-ZkD35Mx92acjB2yNJgziGqT9oKHEOxjTBTDRpOsRWtdecL/0jM3z5kM/CTzHWvHIen1GvkM85p6TuFfDGfc8/Q=="
    },
    "environment": {
      "version": "1.1.0",
      "resolved": "https://mirrors.cloud.tencent.com/npm/environment/-/environment-1.1.0.tgz",
      "integrity": "sha512-xUtoPkMggbz0MPyPiIWr1Kp4aeWJjDZ6SMvURhimjdZgsRuDplF5/s9hcgGhyXMhs+6vpnuoiZ2kFiu3FMnS8Q=="
    },
    "typescript": {
      "version": "5.7.2",
      "resolved": "https://mirrors.cloud.tencent.com/npm/typescript/-/typescript-5.7.2.tgz",
      "integrity": "sha512-i5t66RHxDvVN40HfDd1PsEThGNnlMCMT3jMUuoh9/0TaqWevNontacunWyN02LA9/fIbEWlcHZcgTKb9QoaLfg=="
    },
    "undici-types": {
      "version": "6.20.0",
      "resolved": "https://mirrors.cloud.tencent.com/npm/undici-types/-/undici-types-6.20.0.tgz",
      "integrity": "sha512-Ny6QZ2Nju20vw1SRHe3d9jVu6gJ+4e3+MMpqu7pqE5HT6WsTSlce++GQmK5UXS8mzV8DSYHrQH+Xrf2jVcuKNg==",
      "dev": true
    }
  }
}
